
Microsoft Visual Studio Solution File, Format Version 12.00
# Visual Studio 15
VisualStudioVersion = 15.0.27004.2002
MinimumVisualStudioVersion = 10.0.40219.1
Project("{FAE04EC0-301F-11D3-BF4B-00C04F79EFBC}") = "DotNetCoreDebug", "DotNetCoreDebug\DotNetCoreDebug.csproj", "{98BFBA38-7848-4509-8D11-A6B0B629E46F}"
EndProject
Project("{E53339B2-1760-4266-BCC7-CA923CBCF16C}") = "docker-compose", "docker-compose.dcproj", "{5B2366D9-070C-4299-ADAC-9B6B6CCDEE2C}"
EndProject
Global
	GlobalSection(SolutionConfigurationPlatforms) = preSolution
		Debug|Any CPU = Debug|Any CPU
		Release|Any CPU = Release|Any CPU
		RemoteDebug|Any CPU = RemoteDebug|Any CPU
	EndGlobalSection
	GlobalSection(ProjectConfigurationPlatforms) = postSolution
		{98BFBA38-7848-4509-8D11-A6B0B629E46F}.Debug|Any CPU.ActiveCfg = Debug|Any CPU
		{98BFBA38-7848-4509-8D11-A6B0B629E46F}.Debug|Any CPU.Build.0 = Debug|Any CPU
		{98BFBA38-7848-4509-8D11-A6B0B629E46F}.Release|Any CPU.ActiveCfg = Release|Any CPU
		{98BFBA38-7848-4509-8D11-A6B0B629E46F}.Release|Any CPU.Build.0 = Release|Any CPU
		{98BFBA38-7848-4509-8D11-A6B0B629E46F}.RemoteDebug|Any CPU.ActiveCfg = RemoteDebug|Any CPU
		{98BFBA38-7848-4509-8D11-A6B0B629E46F}.RemoteDebug|Any CPU.Build.0 = RemoteDebug|Any CPU
		{5B2366D9-070C-4299-ADAC-9B6B6CCDEE2C}.Debug|Any CPU.ActiveCfg = Debug|Any CPU
		{5B2366D9-070C-4299-ADAC-9B6B6CCDEE2C}.Debug|Any CPU.Build.0 = Debug|Any CPU
		{5B2366D9-070C-4299-ADAC-9B6B6CCDEE2C}.Release|Any CPU.ActiveCfg = Release|Any CPU
		{5B2366D9-070C-4299-ADAC-9B6B6CCDEE2C}.Release|Any CPU.Build.0 = Release|Any CPU
		{5B2366D9-070C-4299-ADAC-9B6B6CCDEE2C}.RemoteDebug|Any CPU.ActiveCfg = RemoteDebug|Any CPU
		{5B2366D9-070C-4299-ADAC-9B6B6CCDEE2C}.RemoteDebug|Any CPU.Build.0 = RemoteDebug|Any CPU
	EndGlobalSection
	GlobalSection(SolutionProperties) = preSolution
		HideSolutionNode = FALSE
	EndGlobalSection
	GlobalSection(ExtensibilityGlobals) = postSolution
		SolutionGuid = {D76ECB3E-F754-4706-BEF3-DD09E2508541}
	EndGlobalSection
EndGlobal
